
Microsoft Visual Studio Solution File, Format Version 10.00
# Visual Studio 2008
Project("{FAE04EC0-301F-11D3-BF4B-00C04F79EFBC}") = "Atom.net.alt2008", "Atom.net.alt\Atom.net.alt2008.csproj", "{0714FE1F-B020-44A8-B207-B747811D3999}"
EndProject
Global
	GlobalSection(SolutionConfigurationPlatforms) = preSolution
		Debug|Any CPU = Debug|Any CPU
		Release|Any CPU = Release|Any CPU
	EndGlobalSection
	GlobalSection(ProjectConfigurationPlatforms) = postSolution
		{0714FE1F-B020-44A8-B207-B747811D3999}.Debug|Any CPU.ActiveCfg = Debug|Any CPU
		{0714FE1F-B020-44A8-B207-B747811D3999}.Debug|Any CPU.Build.0 = Debug|Any CPU
		{0714FE1F-B020-44A8-B207-B747811D3999}.Release|Any CPU.ActiveCfg = Release|Any CPU
		{0714FE1F-B020-44A8-B207-B747811D3999}.Release|Any CPU.Build.0 = Release|Any CPU
	EndGlobalSection
	GlobalSection(SolutionProperties) = preSolution
		HideSolutionNode = FALSE
	EndGlobalSection
EndGlobal
